// !$*UTF8*$!
{
	archiveVersion = 1;
	classes = {
	};
	objectVersion = 48;
	objects = {

/* Begin PBXBuildFile section */
		2289D0B50D550DA399A66604 /* Pods_WeatherReportPOCTests.framework in Frameworks */ = {isa = PBXBuildFile; fileRef = A6EA1DA0A6445AE4A83299C5 /* Pods_WeatherReportPOCTests.framework */; };
		67B700EE26FFFAB0480694FA /* Pods_WeatherReportPOC.framework in Frameworks */ = {isa = PBXBuildFile; fileRef = EB46FE38ED6D3EE7CD2E837E /* Pods_WeatherReportPOC.framework */; };
		F741E0C320185D4100CEA206 /* SelectCityViewController.swift in Sources */ = {isa = PBXBuildFile; fileRef = F741E0C220185D4100CEA206 /* SelectCityViewController.swift */; };
		F7987D73201708C300B623B8 /* JSONMapper.swift in Sources */ = {isa = PBXBuildFile; fileRef = F7987D72201708C300B623B8 /* JSONMapper.swift */; };
		F7987D792017190C00B623B8 /* WeatherForecastTableViewCell.swift in Sources */ = {isa = PBXBuildFile; fileRef = F7987D772017190C00B623B8 /* WeatherForecastTableViewCell.swift */; };
		F7987D7A2017190C00B623B8 /* WeatherForecastTableViewCell.xib in Resources */ = {isa = PBXBuildFile; fileRef = F7987D782017190C00B623B8 /* WeatherForecastTableViewCell.xib */; };
		F7DC39A9200F3B1800EA2E5F /* AppDelegate.swift in Sources */ = {isa = PBXBuildFile; fileRef = F7DC39A8200F3B1800EA2E5F /* AppDelegate.swift */; };
		F7DC39AB200F3B1800EA2E5F /* ViewController.swift in Sources */ = {isa = PBXBuildFile; fileRef = F7DC39AA200F3B1800EA2E5F /* ViewController.swift */; };
		F7DC39AE200F3B1800EA2E5F /* Main.storyboard in Resources */ = {isa = PBXBuildFile; fileRef = F7DC39AC200F3B1800EA2E5F /* Main.storyboard */; };
		F7DC39B0200F3B1800EA2E5F /* Assets.xcassets in Resources */ = {isa = PBXBuildFile; fileRef = F7DC39AF200F3B1800EA2E5F /* Assets.xcassets */; };
		F7DC39B3200F3B1800EA2E5F /* LaunchScreen.storyboard in Resources */ = {isa = PBXBuildFile; fileRef = F7DC39B1200F3B1800EA2E5F /* LaunchScreen.storyboard */; };
		F7DC39BE200F3B1900EA2E5F /* WeatherReportPOCTests.swift in Sources */ = {isa = PBXBuildFile; fileRef = F7DC39BD200F3B1900EA2E5F /* WeatherReportPOCTests.swift */; };
		F7DC39C9200F3B1900EA2E5F /* WeatherReportPOCUITests.swift in Sources */ = {isa = PBXBuildFile; fileRef = F7DC39C8200F3B1900EA2E5F /* WeatherReportPOCUITests.swift */; };
		F7DC39D7200F676C00EA2E5F /* ServerManager.swift in Sources */ = {isa = PBXBuildFile; fileRef = F7DC39D6200F676C00EA2E5F /* ServerManager.swift */; };
		F7FA834620107E58007BAC1D /* DataManager.swift in Sources */ = {isa = PBXBuildFile; fileRef = F7FA834520107E58007BAC1D /* DataManager.swift */; };
		F7FA83482010A6CD007BAC1D /* WeatherModel.swift in Sources */ = {isa = PBXBuildFile; fileRef = F7FA83472010A6CD007BAC1D /* WeatherModel.swift */; };
		F93FA2CE2ED72639565AC182 /* Pods_WeatherReportPOCUITests.framework in Frameworks */ = {isa = PBXBuildFile; fileRef = CA3DA0E3B4D9F121D83CC1EA /* Pods_WeatherReportPOCUITests.framework */; };
/* End PBXBuildFile section */

/* Begin PBXContainerItemProxy section */
		F7DC39BA200F3B1900EA2E5F /* PBXContainerItemProxy */ = {
			isa = PBXContainerItemProxy;
			containerPortal = F7DC399D200F3B1700EA2E5F /* Project object */;
			proxyType = 1;
			remoteGlobalIDString = F7DC39A4200F3B1800EA2E5F;
			remoteInfo = WeatherReportPOC;
		};
		F7DC39C5200F3B1900EA2E5F /* PBXContainerItemProxy */ = {
			isa = PBXContainerItemProxy;
			containerPortal = F7DC399D200F3B1700EA2E5F /* Project object */;
			proxyType = 1;
			remoteGlobalIDString = F7DC39A4200F3B1800EA2E5F;
			remoteInfo = WeatherReportPOC;
		};
/* End PBXContainerItemProxy section */

/* Begin PBXFileReference section */
		92EC4385A7059F4991FB4D11 /* Pods-WeatherReportPOCUITests.release.xcconfig */ = {isa = PBXFileReference; includeInIndex = 1; lastKnownFileType = text.xcconfig; name = "Pods-WeatherReportPOCUITests.release.xcconfig"; path = "Pods/Target Support Files/Pods-WeatherReportPOCUITests/Pods-WeatherReportPOCUITests.release.xcconfig"; sourceTree = "<group>"; };
		9A31B52A5CE6C79AA7A96696 /* Pods-WeatherReportPOCTests.debug.xcconfig */ = {isa = PBXFileReference; includeInIndex = 1; lastKnownFileType = text.xcconfig; name = "Pods-WeatherReportPOCTests.debug.xcconfig"; path = "Pods/Target Support Files/Pods-WeatherReportPOCTests/Pods-WeatherReportPOCTests.debug.xcconfig"; sourceTree = "<group>"; };
		A2C10F59A07E9A428FEC9885 /* Pods-WeatherReportPOC.release.xcconfig */ = {isa = PBXFileReference; includeInIndex = 1; lastKnownFileType = text.xcconfig; name = "Pods-WeatherReportPOC.release.xcconfig"; path = "Pods/Target Support Files/Pods-WeatherReportPOC/Pods-WeatherReportPOC.release.xcconfig"; sourceTree = "<group>"; };
		A6EA1DA0A6445AE4A83299C5 /* Pods_WeatherReportPOCTests.framework */ = {isa = PBXFileReference; explicitFileType = wrapper.framework; includeInIndex = 0; path = Pods_WeatherReportPOCTests.framework; sourceTree = BUILT_PRODUCTS_DIR; };
		A811A3772FB47510EA961E38 /* Pods-WeatherReportPOCUITests.debug.xcconfig */ = {isa = PBXFileReference; includeInIndex = 1; lastKnownFileType = text.xcconfig; name = "Pods-WeatherReportPOCUITests.debug.xcconfig"; path = "Pods/Target Support Files/Pods-WeatherReportPOCUITests/Pods-WeatherReportPOCUITests.debug.xcconfig"; sourceTree = "<group>"; };
		CA3DA0E3B4D9F121D83CC1EA /* Pods_WeatherReportPOCUITests.framework */ = {isa = PBXFileReference; explicitFileType = wrapper.framework; includeInIndex = 0; path = Pods_WeatherReportPOCUITests.framework; sourceTree = BUILT_PRODUCTS_DIR; };
		D3D0266985911229B68B6FAB /* Pods-WeatherReportPOC.debug.xcconfig */ = {isa = PBXFileReference; includeInIndex = 1; lastKnownFileType = text.xcconfig; name = "Pods-WeatherReportPOC.debug.xcconfig"; path = "Pods/Target Support Files/Pods-WeatherReportPOC/Pods-WeatherReportPOC.debug.xcconfig"; sourceTree = "<group>"; };
		EB46FE38ED6D3EE7CD2E837E /* Pods_WeatherReportPOC.framework */ = {isa = PBXFileReference; explicitFileType = wrapper.framework; includeInIndex = 0; path = Pods_WeatherReportPOC.framework; sourceTree = BUILT_PRODUCTS_DIR; };
		F741E0C220185D4100CEA206 /* SelectCityViewController.swift */ = {isa = PBXFileReference; lastKnownFileType = sourcecode.swift; path = SelectCityViewController.swift; sourceTree = "<group>"; };
		F7987D72201708C300B623B8 /* JSONMapper.swift */ = {isa = PBXFileReference; lastKnownFileType = sourcecode.swift; path = JSONMapper.swift; sourceTree = "<group>"; };
		F7987D772017190C00B623B8 /* WeatherForecastTableViewCell.swift */ = {isa = PBXFileReference; lastKnownFileType = sourcecode.swift; path = WeatherForecastTableViewCell.swift; sourceTree = "<group>"; };
		F7987D782017190C00B623B8 /* WeatherForecastTableViewCell.xib */ = {isa = PBXFileReference; lastKnownFileType = file.xib; path = WeatherForecastTableViewCell.xib; sourceTree = "<group>"; };
		F7DC39A5200F3B1800EA2E5F /* WeatherReportPOC.app */ = {isa = PBXFileReference; explicitFileType = wrapper.application; includeInIndex = 0; path = WeatherReportPOC.app; sourceTree = BUILT_PRODUCTS_DIR; };
		F7DC39A8200F3B1800EA2E5F /* AppDelegate.swift */ = {isa = PBXFileReference; lastKnownFileType = sourcecode.swift; path = AppDelegate.swift; sourceTree = "<group>"; };
		F7DC39AA200F3B1800EA2E5F /* ViewController.swift */ = {isa = PBXFileReference; lastKnownFileType = sourcecode.swift; path = ViewController.swift; sourceTree = "<group>"; };
		F7DC39AD200F3B1800EA2E5F /* Base */ = {isa = PBXFileReference; lastKnownFileType = file.storyboard; name = Base; path = Base.lproj/Main.storyboard; sourceTree = "<group>"; };
		F7DC39AF200F3B1800EA2E5F /* Assets.xcassets */ = {isa = PBXFileReference; lastKnownFileType = folder.assetcatalog; path = Assets.xcassets; sourceTree = "<group>"; };
		F7DC39B2200F3B1800EA2E5F /* Base */ = {isa = PBXFileReference; lastKnownFileType = file.storyboard; name = Base; path = Base.lproj/LaunchScreen.storyboard; sourceTree = "<group>"; };
		F7DC39B4200F3B1800EA2E5F /* Info.plist */ = {isa = PBXFileReference; lastKnownFileType = text.plist.xml; path = Info.plist; sourceTree = "<group>"; };
		F7DC39B9200F3B1900EA2E5F /* WeatherReportPOCTests.xctest */ = {isa = PBXFileReference; explicitFileType = wrapper.cfbundle; includeInIndex = 0; path = WeatherReportPOCTests.xctest; sourceTree = BUILT_PRODUCTS_DIR; };
		F7DC39BD200F3B1900EA2E5F /* WeatherReportPOCTests.swift */ = {isa = PBXFileReference; lastKnownFileType = sourcecode.swift; path = WeatherReportPOCTests.swift; sourceTree = "<group>"; };
		F7DC39BF200F3B1900EA2E5F /* Info.plist */ = {isa = PBXFileReference; lastKnownFileType = text.plist.xml; path = Info.plist; sourceTree = "<group>"; };
		F7DC39C4200F3B1900EA2E5F /* WeatherReportPOCUITests.xctest */ = {isa = PBXFileReference; explicitFileType = wrapper.cfbundle; includeInIndex = 0; path = WeatherReportPOCUITests.xctest; sourceTree = BUILT_PRODUCTS_DIR; };
		F7DC39C8200F3B1900EA2E5F /* WeatherReportPOCUITests.swift */ = {isa = PBXFileReference; lastKnownFileType = sourcecode.swift; path = WeatherReportPOCUITests.swift; sourceTree = "<group>"; };
		F7DC39CA200F3B1900EA2E5F /* Info.plist */ = {isa = PBXFileReference; lastKnownFileType = text.plist.xml; path = Info.plist; sourceTree = "<group>"; };
		F7DC39D6200F676C00EA2E5F /* ServerManager.swift */ = {isa = PBXFileReference; lastKnownFileType = sourcecode.swift; path = ServerManager.swift; sourceTree = "<group>"; };
		F7FA834520107E58007BAC1D /* DataManager.swift */ = {isa = PBXFileReference; lastKnownFileType = sourcecode.swift; path = DataManager.swift; sourceTree = "<group>"; };
		F7FA83472010A6CD007BAC1D /* WeatherModel.swift */ = {isa = PBXFileReference; lastKnownFileType = sourcecode.swift; path = WeatherModel.swift; sourceTree = "<group>"; };
		FF681743D3EE77AFC2F2AD27 /* Pods-WeatherReportPOCTests.release.xcconfig */ = {isa = PBXFileReference; includeInIndex = 1; lastKnownFileType = text.xcconfig; name = "Pods-WeatherReportPOCTests.release.xcconfig"; path = "Pods/Target Support Files/Pods-WeatherReportPOCTests/Pods-WeatherReportPOCTests.release.xcconfig"; sourceTree = "<group>"; };
/* End PBXFileReference section */

/* Begin PBXFrameworksBuildPhase section */
		F7DC39A2200F3B1800EA2E5F /* Frameworks */ = {
			isa = PBXFrameworksBuildPhase;
			buildActionMask = 2147483647;
			files = (
				67B700EE26FFFAB0480694FA /* Pods_WeatherReportPOC.framework in Frameworks */,
			);
			runOnlyForDeploymentPostprocessing = 0;
		};
		F7DC39B6200F3B1900EA2E5F /* Frameworks */ = {
			isa = PBXFrameworksBuildPhase;
			buildActionMask = 2147483647;
			files = (
				2289D0B50D550DA399A66604 /* Pods_WeatherReportPOCTests.framework in Frameworks */,
			);
			runOnlyForDeploymentPostprocessing = 0;
		};
		F7DC39C1200F3B1900EA2E5F /* Frameworks */ = {
			isa = PBXFrameworksBuildPhase;
			buildActionMask = 2147483647;
			files = (
				F93FA2CE2ED72639565AC182 /* Pods_WeatherReportPOCUITests.framework in Frameworks */,
			);
			runOnlyForDeploymentPostprocessing = 0;
		};
/* End PBXFrameworksBuildPhase section */

/* Begin PBXGroup section */
		0FCFDEE62174420D9AE5D12E /* Frameworks */ = {
			isa = PBXGroup;
			children = (
				EB46FE38ED6D3EE7CD2E837E /* Pods_WeatherReportPOC.framework */,
				A6EA1DA0A6445AE4A83299C5 /* Pods_WeatherReportPOCTests.framework */,
				CA3DA0E3B4D9F121D83CC1EA /* Pods_WeatherReportPOCUITests.framework */,
			);
			name = Frameworks;
			sourceTree = "<group>";
		};
		F741E0C120185D0500CEA206 /* View Controllers */ = {
			isa = PBXGroup;
			children = (
				F7DC39AA200F3B1800EA2E5F /* ViewController.swift */,
				F741E0C220185D4100CEA206 /* SelectCityViewController.swift */,
			);
			path = "View Controllers";
			sourceTree = "<group>";
		};
		F777FAEFAAE32F1A0522DC1E /* Pods */ = {
			isa = PBXGroup;
			children = (
				D3D0266985911229B68B6FAB /* Pods-WeatherReportPOC.debug.xcconfig */,
				A2C10F59A07E9A428FEC9885 /* Pods-WeatherReportPOC.release.xcconfig */,
				9A31B52A5CE6C79AA7A96696 /* Pods-WeatherReportPOCTests.debug.xcconfig */,
				FF681743D3EE77AFC2F2AD27 /* Pods-WeatherReportPOCTests.release.xcconfig */,
				A811A3772FB47510EA961E38 /* Pods-WeatherReportPOCUITests.debug.xcconfig */,
				92EC4385A7059F4991FB4D11 /* Pods-WeatherReportPOCUITests.release.xcconfig */,
			);
			name = Pods;
			sourceTree = "<group>";
		};
		F7987D74201718C100B623B8 /* View */ = {
			isa = PBXGroup;
			children = (
				F7987D772017190C00B623B8 /* WeatherForecastTableViewCell.swift */,
				F7987D782017190C00B623B8 /* WeatherForecastTableViewCell.xib */,
			);
			path = View;
			sourceTree = "<group>";
		};
		F7DC399C200F3B1700EA2E5F = {
			isa = PBXGroup;
			children = (
				F7DC39A7200F3B1800EA2E5F /* WeatherReportPOC */,
				F7DC39BC200F3B1900EA2E5F /* WeatherReportPOCTests */,
				F7DC39C7200F3B1900EA2E5F /* WeatherReportPOCUITests */,
				F7DC39A6200F3B1800EA2E5F /* Products */,
				F777FAEFAAE32F1A0522DC1E /* Pods */,
				0FCFDEE62174420D9AE5D12E /* Frameworks */,
			);
			sourceTree = "<group>";
		};
		F7DC39A6200F3B1800EA2E5F /* Products */ = {
			isa = PBXGroup;
			children = (
				F7DC39A5200F3B1800EA2E5F /* WeatherReportPOC.app */,
				F7DC39B9200F3B1900EA2E5F /* WeatherReportPOCTests.xctest */,
				F7DC39C4200F3B1900EA2E5F /* WeatherReportPOCUITests.xctest */,
			);
			name = Products;
			sourceTree = "<group>";
		};
		F7DC39A7200F3B1800EA2E5F /* WeatherReportPOC */ = {
			isa = PBXGroup;
			children = (
				F741E0C120185D0500CEA206 /* View Controllers */,
				F7987D74201718C100B623B8 /* View */,
				F7DC39A8200F3B1800EA2E5F /* AppDelegate.swift */,
				F7DC39AC200F3B1800EA2E5F /* Main.storyboard */,
				F7DC39AF200F3B1800EA2E5F /* Assets.xcassets */,
				F7DC39B1200F3B1800EA2E5F /* LaunchScreen.storyboard */,
				F7DC39B4200F3B1800EA2E5F /* Info.plist */,
				F7DC39D6200F676C00EA2E5F /* ServerManager.swift */,
				F7FA834520107E58007BAC1D /* DataManager.swift */,
				F7FA83472010A6CD007BAC1D /* WeatherModel.swift */,
				F7987D72201708C300B623B8 /* JSONMapper.swift */,
			);
			path = WeatherReportPOC;
			sourceTree = "<group>";
		};
		F7DC39BC200F3B1900EA2E5F /* WeatherReportPOCTests */ = {
			isa = PBXGroup;
			children = (
				F7DC39BD200F3B1900EA2E5F /* WeatherReportPOCTests.swift */,
				F7DC39BF200F3B1900EA2E5F /* Info.plist */,
			);
			path = WeatherReportPOCTests;
			sourceTree = "<group>";
		};
		F7DC39C7200F3B1900EA2E5F /* WeatherReportPOCUITests */ = {
			isa = PBXGroup;
			children = (
				F7DC39C8200F3B1900EA2E5F /* WeatherReportPOCUITests.swift */,
				F7DC39CA200F3B1900EA2E5F /* Info.plist */,
			);
			path = WeatherReportPOCUITests;
			sourceTree = "<group>";
		};
/* End PBXGroup section */

/* Begin PBXNativeTarget section */
		F7DC39A4200F3B1800EA2E5F /* WeatherReportPOC */ = {
			isa = PBXNativeTarget;
			buildConfigurationList = F7DC39CD200F3B1900EA2E5F /* Build configuration list for PBXNativeTarget "WeatherReportPOC" */;
			buildPhases = (
				9FC216993C0320A2A2965E6B /* [CP] Check Pods Manifest.lock */,
				F7DC39A1200F3B1800EA2E5F /* Sources */,
				F7DC39A2200F3B1800EA2E5F /* Frameworks */,
				F7DC39A3200F3B1800EA2E5F /* Resources */,
				E463D746457BC2C29F983BDE /* [CP] Embed Pods Frameworks */,
				1ADCB9BAA12F29AE4DF04A09 /* [CP] Copy Pods Resources */,
			);
			buildRules = (
			);
			dependencies = (
			);
			name = WeatherReportPOC;
			productName = WeatherReportPOC;
			productReference = F7DC39A5200F3B1800EA2E5F /* WeatherReportPOC.app */;
			productType = "com.apple.product-type.application";
		};
		F7DC39B8200F3B1900EA2E5F /* WeatherReportPOCTests */ = {
			isa = PBXNativeTarget;
			buildConfigurationList = F7DC39D0200F3B1900EA2E5F /* Build configuration list for PBXNativeTarget "WeatherReportPOCTests" */;
			buildPhases = (
				728A254A8F9BAA0F72A1BA54 /* [CP] Check Pods Manifest.lock */,
				F7DC39B5200F3B1900EA2E5F /* Sources */,
				F7DC39B6200F3B1900EA2E5F /* Frameworks */,
				F7DC39B7200F3B1900EA2E5F /* Resources */,
				4AE6BF068F3396C257F9584C /* [CP] Embed Pods Frameworks */,
				017984E6E2646F0BEA307F6C /* [CP] Copy Pods Resources */,
			);
			buildRules = (
			);
			dependencies = (
				F7DC39BB200F3B1900EA2E5F /* PBXTargetDependency */,
			);
			name = WeatherReportPOCTests;
			productName = WeatherReportPOCTests;
			productReference = F7DC39B9200F3B1900EA2E5F /* WeatherReportPOCTests.xctest */;
			productType = "com.apple.product-type.bundle.unit-test";
		};
		F7DC39C3200F3B1900EA2E5F /* WeatherReportPOCUITests */ = {
			isa = PBXNativeTarget;
			buildConfigurationList = F7DC39D3200F3B1900EA2E5F /* Build configuration list for PBXNativeTarget "WeatherReportPOCUITests" */;
			buildPhases = (
				B0826AF58E0F93D04F8D0B2C /* [CP] Check Pods Manifest.lock */,
				F7DC39C0200F3B1900EA2E5F /* Sources */,
				F7DC39C1200F3B1900EA2E5F /* Frameworks */,
				F7DC39C2200F3B1900EA2E5F /* Resources */,
				55105429ECE02E496E1C0455 /* [CP] Embed Pods Frameworks */,
				4985F889F0832260726A800A /* [CP] Copy Pods Resources */,
			);
			buildRules = (
			);
			dependencies = (
				F7DC39C6200F3B1900EA2E5F /* PBXTargetDependency */,
			);
			name = WeatherReportPOCUITests;
			productName = WeatherReportPOCUITests;
			productReference = F7DC39C4200F3B1900EA2E5F /* WeatherReportPOCUITests.xctest */;
			productType = "com.apple.product-type.bundle.ui-testing";
		};
/* End PBXNativeTarget section */

/* Begin PBXProject section */
		F7DC399D200F3B1700EA2E5F /* Project object */ = {
			isa = PBXProject;
			attributes = {
				LastSwiftUpdateCheck = 0920;
				LastUpgradeCheck = 0920;
				ORGANIZATIONNAME = "ashok londhe";
				TargetAttributes = {
					F7DC39A4200F3B1800EA2E5F = {
						CreatedOnToolsVersion = 9.2;
						ProvisioningStyle = Automatic;
					};
					F7DC39B8200F3B1900EA2E5F = {
						CreatedOnToolsVersion = 9.2;
						ProvisioningStyle = Automatic;
						TestTargetID = F7DC39A4200F3B1800EA2E5F;
					};
					F7DC39C3200F3B1900EA2E5F = {
						CreatedOnToolsVersion = 9.2;
						ProvisioningStyle = Automatic;
						TestTargetID = F7DC39A4200F3B1800EA2E5F;
					};
				};
			};
			buildConfigurationList = F7DC39A0200F3B1700EA2E5F /* Build configuration list for PBXProject "WeatherReportPOC" */;
			compatibilityVersion = "Xcode 8.0";
			developmentRegion = en;
			hasScannedForEncodings = 0;
			knownRegions = (
				en,
				Base,
			);
			mainGroup = F7DC399C200F3B1700EA2E5F;
			productRefGroup = F7DC39A6200F3B1800EA2E5F /* Products */;
			projectDirPath = "";
			projectRoot = "";
			targets = (
				F7DC39A4200F3B1800EA2E5F /* WeatherReportPOC */,
				F7DC39B8200F3B1900EA2E5F /* WeatherReportPOCTests */,
				F7DC39C3200F3B1900EA2E5F /* WeatherReportPOCUITests */,
			);
		};
/* End PBXProject section */

/* Begin PBXResourcesBuildPhase section */
		F7DC39A3200F3B1800EA2E5F /* Resources */ = {
			isa = PBXResourcesBuildPhase;
			buildActionMask = 2147483647;
			files = (
				F7DC39B3200F3B1800EA2E5F /* LaunchScreen.storyboard in Resources */,
				F7DC39B0200F3B1800EA2E5F /* Assets.xcassets in Resources */,
				F7987D7A2017190C00B623B8 /* WeatherForecastTableViewCell.xib in Resources */,
				F7DC39AE200F3B1800EA2E5F /* Main.storyboard in Resources */,
			);
			runOnlyForDeploymentPostprocessing = 0;
		};
		F7DC39B7200F3B1900EA2E5F /* Resources */ = {
			isa = PBXResourcesBuildPhase;
			buildActionMask = 2147483647;
			files = (
			);
			runOnlyForDeploymentPostprocessing = 0;
		};
		F7DC39C2200F3B1900EA2E5F /* Resources */ = {
			isa = PBXResourcesBuildPhase;
			buildActionMask = 2147483647;
			files = (
			);
			runOnlyForDeploymentPostprocessing = 0;
		};
/* End PBXResourcesBuildPhase section */

/* Begin PBXShellScriptBuildPhase section */
		017984E6E2646F0BEA307F6C /* [CP] Copy Pods Resources */ = {
			isa = PBXShellScriptBuildPhase;
			buildActionMask = 2147483647;
			files = (
			);
			inputPaths = (
			);
			name = "[CP] Copy Pods Resources";
			outputPaths = (
			);
			runOnlyForDeploymentPostprocessing = 0;
			shellPath = /bin/sh;
			shellScript = "\"${SRCROOT}/Pods/Target Support Files/Pods-WeatherReportPOCTests/Pods-WeatherReportPOCTests-resources.sh\"\n";
			showEnvVarsInLog = 0;
		};
		1ADCB9BAA12F29AE4DF04A09 /* [CP] Copy Pods Resources */ = {
			isa = PBXShellScriptBuildPhase;
			buildActionMask = 2147483647;
			files = (
			);
			inputPaths = (
			);
			name = "[CP] Copy Pods Resources";
			outputPaths = (
			);
			runOnlyForDeploymentPostprocessing = 0;
			shellPath = /bin/sh;
			shellScript = "\"${SRCROOT}/Pods/Target Support Files/Pods-WeatherReportPOC/Pods-WeatherReportPOC-resources.sh\"\n";
			showEnvVarsInLog = 0;
		};
		4985F889F0832260726A800A /* [CP] Copy Pods Resources */ = {
			isa = PBXShellScriptBuildPhase;
			buildActionMask = 2147483647;
			files = (
			);
			inputPaths = (
			);
			name = "[CP] Copy Pods Resources";
			outputPaths = (
			);
			runOnlyForDeploymentPostprocessing = 0;
			shellPath = /bin/sh;
			shellScript = "\"${SRCROOT}/Pods/Target Support Files/Pods-WeatherReportPOCUITests/Pods-WeatherReportPOCUITests-resources.sh\"\n";
			showEnvVarsInLog = 0;
		};
		4AE6BF068F3396C257F9584C /* [CP] Embed Pods Frameworks */ = {
			isa = PBXShellScriptBuildPhase;
			buildActionMask = 2147483647;
			files = (
			);
			inputPaths = (
				"${SRCROOT}/Pods/Target Support Files/Pods-WeatherReportPOCTests/Pods-WeatherReportPOCTests-frameworks.sh",
				"${BUILT_PRODUCTS_DIR}/Alamofire/Alamofire.framework",
			);
			name = "[CP] Embed Pods Frameworks";
			outputPaths = (
				"${TARGET_BUILD_DIR}/${FRAMEWORKS_FOLDER_PATH}/Alamofire.framework",
			);
			runOnlyForDeploymentPostprocessing = 0;
			shellPath = /bin/sh;
			shellScript = "\"${SRCROOT}/Pods/Target Support Files/Pods-WeatherReportPOCTests/Pods-WeatherReportPOCTests-frameworks.sh\"\n";
			showEnvVarsInLog = 0;
		};
		55105429ECE02E496E1C0455 /* [CP] Embed Pods Frameworks */ = {
			isa = PBXShellScriptBuildPhase;
			buildActionMask = 2147483647;
			files = (
			);
			inputPaths = (
			);
			name = "[CP] Embed Pods Frameworks";
			outputPaths = (
			);
			runOnlyForDeploymentPostprocessing = 0;
			shellPath = /bin/sh;
			shellScript = "\"${SRCROOT}/Pods/Target Support Files/Pods-WeatherReportPOCUITests/Pods-WeatherReportPOCUITests-frameworks.sh\"\n";
			showEnvVarsInLog = 0;
		};
		728A254A8F9BAA0F72A1BA54 /* [CP] Check Pods Manifest.lock */ = {
			isa = PBXShellScriptBuildPhase;
			buildActionMask = 2147483647;
			files = (
			);
			inputPaths = (
				"${PODS_PODFILE_DIR_PATH}/Podfile.lock",
				"${PODS_ROOT}/Manifest.lock",
			);
			name = "[CP] Check Pods Manifest.lock";
			outputPaths = (
				"$(DERIVED_FILE_DIR)/Pods-WeatherReportPOCTests-checkManifestLockResult.txt",
			);
			runOnlyForDeploymentPostprocessing = 0;
			shellPath = /bin/sh;
			shellScript = "diff \"${PODS_PODFILE_DIR_PATH}/Podfile.lock\" \"${PODS_ROOT}/Manifest.lock\" > /dev/null\nif [ $? != 0 ] ; then\n    # print error to STDERR\n    echo \"error: The sandbox is not in sync with the Podfile.lock. Run 'pod install' or update your CocoaPods installation.\" >&2\n    exit 1\nfi\n# This output is used by Xcode 'outputs' to avoid re-running this script phase.\necho \"SUCCESS\" > \"${SCRIPT_OUTPUT_FILE_0}\"\n";
			showEnvVarsInLog = 0;
		};
		9FC216993C0320A2A2965E6B /* [CP] Check Pods Manifest.lock */ = {
			isa = PBXShellScriptBuildPhase;
			buildActionMask = 2147483647;
			files = (
			);
			inputPaths = (
				"${PODS_PODFILE_DIR_PATH}/Podfile.lock",
				"${PODS_ROOT}/Manifest.lock",
			);
			name = "[CP] Check Pods Manifest.lock";
			outputPaths = (
				"$(DERIVED_FILE_DIR)/Pods-WeatherReportPOC-checkManifestLockResult.txt",
			);
			runOnlyForDeploymentPostprocessing = 0;
			shellPath = /bin/sh;
			shellScript = "diff \"${PODS_PODFILE_DIR_PATH}/Podfile.lock\" \"${PODS_ROOT}/Manifest.lock\" > /dev/null\nif [ $? != 0 ] ; then\n    # print error to STDERR\n    echo \"error: The sandbox is not in sync with the Podfile.lock. Run 'pod install' or update your CocoaPods installation.\" >&2\n    exit 1\nfi\n# This output is used by Xcode 'outputs' to avoid re-running this script phase.\necho \"SUCCESS\" > \"${SCRIPT_OUTPUT_FILE_0}\"\n";
			showEnvVarsInLog = 0;
		};
		B0826AF58E0F93D04F8D0B2C /* [CP] Check Pods Manifest.lock */ = {
			isa = PBXShellScriptBuildPhase;
			buildActionMask = 2147483647;
			files = (
			);
			inputPaths = (
				"${PODS_PODFILE_DIR_PATH}/Podfile.lock",
				"${PODS_ROOT}/Manifest.lock",
			);
			name = "[CP] Check Pods Manifest.lock";
			outputPaths = (
				"$(DERIVED_FILE_DIR)/Pods-WeatherReportPOCUITests-checkManifestLockResult.txt",
			);
			runOnlyForDeploymentPostprocessing = 0;
			shellPath = /bin/sh;
			shellScript = "diff \"${PODS_PODFILE_DIR_PATH}/Podfile.lock\" \"${PODS_ROOT}/Manifest.lock\" > /dev/null\nif [ $? != 0 ] ; then\n    # print error to STDERR\n    echo \"error: The sandbox is not in sync with the Podfile.lock. Run 'pod install' or update your CocoaPods installation.\" >&2\n    exit 1\nfi\n# This output is used by Xcode 'outputs' to avoid re-running this script phase.\necho \"SUCCESS\" > \"${SCRIPT_OUTPUT_FILE_0}\"\n";
			showEnvVarsInLog = 0;
		};
		E463D746457BC2C29F983BDE /* [CP] Embed Pods Frameworks */ = {
			isa = PBXShellScriptBuildPhase;
			buildActionMask = 2147483647;
			files = (
			);
			inputPaths = (
				"${SRCROOT}/Pods/Target Support Files/Pods-WeatherReportPOC/Pods-WeatherReportPOC-frameworks.sh",
				"${BUILT_PRODUCTS_DIR}/Alamofire/Alamofire.framework",
				"${BUILT_PRODUCTS_DIR}/AlamofireSwiftyJSON/AlamofireSwiftyJSON.framework",
				"${BUILT_PRODUCTS_DIR}/SDWebImage/SDWebImage.framework",
				"${BUILT_PRODUCTS_DIR}/SwiftyJSON/SwiftyJSON.framework",
			);
			name = "[CP] Embed Pods Frameworks";
			outputPaths = (
				"${TARGET_BUILD_DIR}/${FRAMEWORKS_FOLDER_PATH}/Alamofire.framework",
				"${TARGET_BUILD_DIR}/${FRAMEWORKS_FOLDER_PATH}/AlamofireSwiftyJSON.framework",
				"${TARGET_BUILD_DIR}/${FRAMEWORKS_FOLDER_PATH}/SDWebImage.framework",
				"${TARGET_BUILD_DIR}/${FRAMEWORKS_FOLDER_PATH}/SwiftyJSON.framework",
			);
			runOnlyForDeploymentPostprocessing = 0;
			shellPath = /bin/sh;
			shellScript = "\"${SRCROOT}/Pods/Target Support Files/Pods-WeatherReportPOC/Pods-WeatherReportPOC-frameworks.sh\"\n";
			showEnvVarsInLog = 0;
		};
/* End PBXShellScriptBuildPhase section */

/* Begin PBXSourcesBuildPhase section */
		F7DC39A1200F3B1800EA2E5F /* Sources */ = {
			isa = PBXSourcesBuildPhase;
			buildActionMask = 2147483647;
			files = (
				F7DC39AB200F3B1800EA2E5F /* ViewController.swift in Sources */,
				F741E0C320185D4100CEA206 /* SelectCityViewController.swift in Sources */,
				F7FA834620107E58007BAC1D /* DataManager.swift in Sources */,
				F7DC39A9200F3B1800EA2E5F /* AppDelegate.swift in Sources */,
				F7DC39D7200F676C00EA2E5F /* ServerManager.swift in Sources */,
				F7987D73201708C300B623B8 /* JSONMapper.swift in Sources */,
				F7FA83482010A6CD007BAC1D /* WeatherModel.swift in Sources */,
				F7987D792017190C00B623B8 /* WeatherForecastTableViewCell.swift in Sources */,
			);
			runOnlyForDeploymentPostprocessing = 0;
		};
		F7DC39B5200F3B1900EA2E5F /* Sources */ = {
			isa = PBXSourcesBuildPhase;
			buildActionMask = 2147483647;
			files = (
				F7DC39BE200F3B1900EA2E5F /* WeatherReportPOCTests.swift in Sources */,
			);
			runOnlyForDeploymentPostprocessing = 0;
		};
		F7DC39C0200F3B1900EA2E5F /* Sources */ = {
			isa = PBXSourcesBuildPhase;
			buildActionMask = 2147483647;
			files = (
				F7DC39C9200F3B1900EA2E5F /* WeatherReportPOCUITests.swift in Sources */,
			);
			runOnlyForDeploymentPostprocessing = 0;
		};
/* End PBXSourcesBuildPhase section */

/* Begin PBXTargetDependency section */
		F7DC39BB200F3B1900EA2E5F /* PBXTargetDependency */ = {
			isa = PBXTargetDependency;
			target = F7DC39A4200F3B1800EA2E5F /* WeatherReportPOC */;
			targetProxy = F7DC39BA200F3B1900EA2E5F /* PBXContainerItemProxy */;
		};
		F7DC39C6200F3B1900EA2E5F /* PBXTargetDependency */ = {
			isa = PBXTargetDependency;
			target = F7DC39A4200F3B1800EA2E5F /* WeatherReportPOC */;
			targetProxy = F7DC39C5200F3B1900EA2E5F /* PBXContainerItemProxy */;
		};
/* End PBXTargetDependency section */

/* Begin PBXVariantGroup section */
		F7DC39AC200F3B1800EA2E5F /* Main.storyboard */ = {
			isa = PBXVariantGroup;
			children = (
				F7DC39AD200F3B1800EA2E5F /* Base */,
			);
			name = Main.storyboard;
			sourceTree = "<group>";
		};
		F7DC39B1200F3B1800EA2E5F /* LaunchScreen.storyboard */ = {
			isa = PBXVariantGroup;
			children = (
				F7DC39B2200F3B1800EA2E5F /* Base */,
			);
			name = LaunchScreen.storyboard;
			sourceTree = "<group>";
		};
/* End PBXVariantGroup section */

/* Begin XCBuildConfiguration section */
		F7DC39CB200F3B1900EA2E5F /* Debug */ = {
			isa = XCBuildConfiguration;
			buildSettings = {
				ALWAYS_SEARCH_USER_PATHS = NO;
				CLANG_ANALYZER_NONNULL = YES;
				CLANG_ANALYZER_NUMBER_OBJECT_CONVERSION = YES_AGGRESSIVE;
				CLANG_CXX_LANGUAGE_STANDARD = "gnu++14";
				CLANG_CXX_LIBRARY = "libc++";
				CLANG_ENABLE_MODULES = YES;
				CLANG_ENABLE_OBJC_ARC = YES;
				CLANG_WARN_BLOCK_CAPTURE_AUTORELEASING = YES;
				CLANG_WARN_BOOL_CONVERSION = YES;
				CLANG_WARN_COMMA = YES;
				CLANG_WARN_CONSTANT_CONVERSION = YES;
				CLANG_WARN_DIRECT_OBJC_ISA_USAGE = YES_ERROR;
				CLANG_WARN_DOCUMENTATION_COMMENTS = YES;
				CLANG_WARN_EMPTY_BODY = YES;
				CLANG_WARN_ENUM_CONVERSION = YES;
				CLANG_WARN_INFINITE_RECURSION = YES;
				CLANG_WARN_INT_CONVERSION = YES;
				CLANG_WARN_NON_LITERAL_NULL_CONVERSION = YES;
				CLANG_WARN_OBJC_LITERAL_CONVERSION = YES;
				CLANG_WARN_OBJC_ROOT_CLASS = YES_ERROR;
				CLANG_WARN_RANGE_LOOP_ANALYSIS = YES;
				CLANG_WARN_STRICT_PROTOTYPES = YES;
				CLANG_WARN_SUSPICIOUS_MOVE = YES;
				CLANG_WARN_UNGUARDED_AVAILABILITY = YES_AGGRESSIVE;
				CLANG_WARN_UNREACHABLE_CODE = YES;
				CLANG_WARN__DUPLICATE_METHOD_MATCH = YES;
				CODE_SIGN_IDENTITY = "iPhone Developer";
				COPY_PHASE_STRIP = NO;
				DEBUG_INFORMATION_FORMAT = dwarf;
				ENABLE_STRICT_OBJC_MSGSEND = YES;
				ENABLE_TESTABILITY = YES;
				GCC_C_LANGUAGE_STANDARD = gnu11;
				GCC_DYNAMIC_NO_PIC = NO;
				GCC_NO_COMMON_BLOCKS = YES;
				GCC_OPTIMIZATION_LEVEL = 0;
				GCC_PREPROCESSOR_DEFINITIONS = (
					"DEBUG=1",
					"$(inherited)",
				);
				GCC_WARN_64_TO_32_BIT_CONVERSION = YES;
				GCC_WARN_ABOUT_RETURN_TYPE = YES_ERROR;
				GCC_WARN_UNDECLARED_SELECTOR = YES;
				GCC_WARN_UNINITIALIZED_AUTOS = YES_AGGRESSIVE;
				GCC_WARN_UNUSED_FUNCTION = YES;
				GCC_WARN_UNUSED_VARIABLE = YES;
				IPHONEOS_DEPLOYMENT_TARGET = 11.0;
				MTL_ENABLE_DEBUG_INFO = YES;
				ONLY_ACTIVE_ARCH = YES;
				SDKROOT = iphoneos;
				SWIFT_ACTIVE_COMPILATION_CONDITIONS = DEBUG;
				SWIFT_OPTIMIZATION_LEVEL = "-Onone";
			};
			name = Debug;
		};
		F7DC39CC200F3B1900EA2E5F /* Release */ = {
			isa = XCBuildConfiguration;
			buildSettings = {
				ALWAYS_SEARCH_USER_PATHS = NO;
				CLANG_ANALYZER_NONNULL = YES;
				CLANG_ANALYZER_NUMBER_OBJECT_CONVERSION = YES_AGGRESSIVE;
				CLANG_CXX_LANGUAGE_STANDARD = "gnu++14";
				CLANG_CXX_LIBRARY = "libc++";
				CLANG_ENABLE_MODULES = YES;
				CLANG_ENABLE_OBJC_ARC = YES;
				CLANG_WARN_BLOCK_CAPTURE_AUTORELEASING = YES;
				CLANG_WARN_BOOL_CONVERSION = YES;
				CLANG_WARN_COMMA = YES;
				CLANG_WARN_CONSTANT_CONVERSION = YES;
				CLANG_WARN_DIRECT_OBJC_ISA_USAGE = YES_ERROR;
				CLANG_WARN_DOCUMENTATION_COMMENTS = YES;
				CLANG_WARN_EMPTY_BODY = YES;
				CLANG_WARN_ENUM_CONVERSION = YES;
				CLANG_WARN_INFINITE_RECURSION = YES;
				CLANG_WARN_INT_CONVERSION = YES;
				CLANG_WARN_NON_LITERAL_NULL_CONVERSION = YES;
				CLANG_WARN_OBJC_LITERAL_CONVERSION = YES;
				CLANG_WARN_OBJC_ROOT_CLASS = YES_ERROR;
				CLANG_WARN_RANGE_LOOP_ANALYSIS = YES;
				CLANG_WARN_STRICT_PROTOTYPES = YES;
				CLANG_WARN_SUSPICIOUS_MOVE = YES;
				CLANG_WARN_UNGUARDED_AVAILABILITY = YES_AGGRESSIVE;
				CLANG_WARN_UNREACHABLE_CODE = YES;
				CLANG_WARN__DUPLICATE_METHOD_MATCH = YES;
				CODE_SIGN_IDENTITY = "iPhone Developer";
				COPY_PHASE_STRIP = NO;
				DEBUG_INFORMATION_FORMAT = "dwarf-with-dsym";
				ENABLE_NS_ASSERTIONS = NO;
				ENABLE_STRICT_OBJC_MSGSEND = YES;
				GCC_C_LANGUAGE_STANDARD = gnu11;
				GCC_NO_COMMON_BLOCKS = YES;
				GCC_WARN_64_TO_32_BIT_CONVERSION = YES;
				GCC_WARN_ABOUT_RETURN_TYPE = YES_ERROR;
				GCC_WARN_UNDECLARED_SELECTOR = YES;
				GCC_WARN_UNINITIALIZED_AUTOS = YES_AGGRESSIVE;
				GCC_WARN_UNUSED_FUNCTION = YES;
				GCC_WARN_UNUSED_VARIABLE = YES;
				IPHONEOS_DEPLOYMENT_TARGET = 11.0;
				MTL_ENABLE_DEBUG_INFO = NO;
				SDKROOT = iphoneos;
				SWIFT_OPTIMIZATION_LEVEL = "-Owholemodule";
				VALIDATE_PRODUCT = YES;
			};
			name = Release;
		};
		F7DC39CE200F3B1900EA2E5F /* Debug */ = {
			isa = XCBuildConfiguration;
			baseConfigurationReference = D3D0266985911229B68B6FAB /* Pods-WeatherReportPOC.debug.xcconfig */;
			buildSettings = {
				ASSETCATALOG_COMPILER_APPICON_NAME = AppIcon;
				CODE_SIGN_STYLE = Automatic;
				DEVELOPMENT_TEAM = 4G2KHJ47KE;
				INFOPLIST_FILE = WeatherReportPOC/Info.plist;
				IPHONEOS_DEPLOYMENT_TARGET = 10.3;
				LD_RUNPATH_SEARCH_PATHS = "$(inherited) @executable_path/Frameworks";
				PRODUCT_BUNDLE_IDENTIFIER = com.v2solutions.WeatherReportPOC;
				PRODUCT_NAME = "$(TARGET_NAME)";
				SWIFT_VERSION = 4.0;
				TARGETED_DEVICE_FAMILY = "1,2";
			};
			name = Debug;
		};
		F7DC39CF200F3B1900EA2E5F /* Release */ = {
			isa = XCBuildConfiguration;
			baseConfigurationReference = A2C10F59A07E9A428FEC9885 /* Pods-WeatherReportPOC.release.xcconfig */;
			buildSettings = {
				ASSETCATALOG_COMPILER_APPICON_NAME = AppIcon;
				CODE_SIGN_STYLE = Automatic;
				DEVELOPMENT_TEAM = 4G2KHJ47KE;
				INFOPLIST_FILE = WeatherReportPOC/Info.plist;
				IPHONEOS_DEPLOYMENT_TARGET = 10.3;
				LD_RUNPATH_SEARCH_PATHS = "$(inherited) @executable_path/Frameworks";
				PRODUCT_BUNDLE_IDENTIFIER = com.v2solutions.WeatherReportPOC;
				PRODUCT_NAME = "$(TARGET_NAME)";
				SWIFT_VERSION = 4.0;
				TARGETED_DEVICE_FAMILY = "1,2";
			};
			name = Release;
		};
		F7DC39D1200F3B1900EA2E5F /* Debug */ = {
			isa = XCBuildConfiguration;
			baseConfigurationReference = 9A31B52A5CE6C79AA7A96696 /* Pods-WeatherReportPOCTests.debug.xcconfig */;
			buildSettings = {
				ALWAYS_EMBED_SWIFT_STANDARD_LIBRARIES = YES;
				BUNDLE_LOADER = "$(TEST_HOST)";
				CODE_SIGN_STYLE = Automatic;
				DEVELOPMENT_TEAM = 4G2KHJ47KE;
				INFOPLIST_FILE = WeatherReportPOCTests/Info.plist;
				LD_RUNPATH_SEARCH_PATHS = "$(inherited) @executable_path/Frameworks @loader_path/Frameworks";
				PRODUCT_BUNDLE_IDENTIFIER = com.v2solutions.WeatherReportPOCTests;
				PRODUCT_NAME = "$(TARGET_NAME)";
				SWIFT_VERSION = 4.0;
				TARGETED_DEVICE_FAMILY = "1,2";
				TEST_HOST = "$(BUILT_PRODUCTS_DIR)/WeatherReportPOC.app/WeatherReportPOC";
			};
			name = Debug;
		};
		F7DC39D2200F3B1900EA2E5F /* Release */ = {
			isa = XCBuildConfiguration;
			baseConfigurationReference = FF681743D3EE77AFC2F2AD27 /* Pods-WeatherReportPOCTests.release.xcconfig */;
			buildSettings = {
				ALWAYS_EMBED_SWIFT_STANDARD_LIBRARIES = YES;
				BUNDLE_LOADER = "$(TEST_HOST)";
				CODE_SIGN_STYLE = Automatic;
				DEVELOPMENT_TEAM = 4G2KHJ47KE;
				INFOPLIST_FILE = WeatherReportPOCTests/Info.plist;
				LD_RUNPATH_SEARCH_PATHS = "$(inherited) @executable_path/Frameworks @loader_path/Frameworks";
				PRODUCT_BUNDLE_IDENTIFIER = com.v2solutions.WeatherReportPOCTests;
				PRODUCT_NAME = "$(TARGET_NAME)";
				SWIFT_VERSION = 4.0;
				TARGETED_DEVICE_FAMILY = "1,2";
				TEST_HOST = "$(BUILT_PRODUCTS_DIR)/WeatherReportPOC.app/WeatherReportPOC";
			};
			name = Release;
		};
		F7DC39D4200F3B1900EA2E5F /* Debug */ = {
			isa = XCBuildConfiguration;
			baseConfigurationReference = A811A3772FB47510EA961E38 /* Pods-WeatherReportPOCUITests.debug.xcconfig */;
			buildSettings = {
				ALWAYS_EMBED_SWIFT_STANDARD_LIBRARIES = YES;
				CODE_SIGN_STYLE = Automatic;
				DEVELOPMENT_TEAM = 4G2KHJ47KE;
				INFOPLIST_FILE = WeatherReportPOCUITests/Info.plist;
				LD_RUNPATH_SEARCH_PATHS = "$(inherited) @executable_path/Frameworks @loader_path/Frameworks";
				PRODUCT_BUNDLE_IDENTIFIER = com.v2solutions.WeatherReportPOCUITests;
				PRODUCT_NAME = "$(TARGET_NAME)";
				SWIFT_VERSION = 4.0;
				TARGETED_DEVICE_FAMILY = "1,2";
				TEST_TARGET_NAME = WeatherReportPOC;
			};
			name = Debug;
		};
		F7DC39D5200F3B1900EA2E5F /* Release */ = {
			isa = XCBuildConfiguration;
			baseConfigurationReference = 92EC4385A7059F4991FB4D11 /* Pods-WeatherReportPOCUITests.release.xcconfig */;
			buildSettings = {
				ALWAYS_EMBED_SWIFT_STANDARD_LIBRARIES = YES;
				CODE_SIGN_STYLE = Automatic;
				DEVELOPMENT_TEAM = 4G2KHJ47KE;
				INFOPLIST_FILE = WeatherReportPOCUITests/Info.plist;
				LD_RUNPATH_SEARCH_PATHS = "$(inherited) @executable_path/Frameworks @loader_path/Frameworks";
				PRODUCT_BUNDLE_IDENTIFIER = com.v2solutions.WeatherReportPOCUITests;
				PRODUCT_NAME = "$(TARGET_NAME)";
				SWIFT_VERSION = 4.0;
				TARGETED_DEVICE_FAMILY = "1,2";
				TEST_TARGET_NAME = WeatherReportPOC;
			};
			name = Release;
		};
/* End XCBuildConfiguration section */

/* Begin XCConfigurationList section */
		F7DC39A0200F3B1700EA2E5F /* Build configuration list for PBXProject "WeatherReportPOC" */ = {
			isa = XCConfigurationList;
			buildConfigurations = (
				F7DC39CB200F3B1900EA2E5F /* Debug */,
				F7DC39CC200F3B1900EA2E5F /* Release */,
			);
			defaultConfigurationIsVisible = 0;
			defaultConfigurationName = Release;
		};
		F7DC39CD200F3B1900EA2E5F /* Build configuration list for PBXNativeTarget "WeatherReportPOC" */ = {
			isa = XCConfigurationList;
			buildConfigurations = (
				F7DC39CE200F3B1900EA2E5F /* Debug */,
				F7DC39CF200F3B1900EA2E5F /* Release */,
			);
			defaultConfigurationIsVisible = 0;
			defaultConfigurationName = Release;
		};
		F7DC39D0200F3B1900EA2E5F /* Build configuration list for PBXNativeTarget "WeatherReportPOCTests" */ = {
			isa = XCConfigurationList;
			buildConfigurations = (
				F7DC39D1200F3B1900EA2E5F /* Debug */,
				F7DC39D2200F3B1900EA2E5F /* Release */,
			);
			defaultConfigurationIsVisible = 0;
			defaultConfigurationName = Release;
		};
		F7DC39D3200F3B1900EA2E5F /* Build configuration list for PBXNativeTarget "WeatherReportPOCUITests" */ = {
			isa = XCConfigurationList;
			buildConfigurations = (
				F7DC39D4200F3B1900EA2E5F /* Debug */,
				F7DC39D5200F3B1900EA2E5F /* Release */,
			);
			defaultConfigurationIsVisible = 0;
			defaultConfigurationName = Release;
		};
/* End XCConfigurationList section */
	};
	rootObject = F7DC399D200F3B1700EA2E5F /* Project object */;
}
